
Microsoft Visual Studio Solution File, Format Version 12.00
# Visual Studio 14
VisualStudioVersion = 14.0.24720.0
MinimumVisualStudioVersion = 10.0.40219.1
Project("{2150E333-8FDC-42A3-9474-1A3956D46DE8}") = "1.Tool", "1.Tool", "{9CC30BEB-6030-4CDD-9D23-532C86CA558F}"
EndProject
Project("{2150E333-8FDC-42A3-9474-1A3956D46DE8}") = "2.Data", "2.Data", "{BBB9055C-E165-4F0F-A177-F80C74976678}"
EndProject
Project("{2150E333-8FDC-42A3-9474-1A3956D46DE8}") = "3.Business", "3.Business", "{8D0529E6-2271-451F-BAA5-1D0D3C7D3631}"
EndProject
Project("{2150E333-8FDC-42A3-9474-1A3956D46DE8}") = "4.Client", "4.Client", "{8557F03C-646A-4BDA-B2B1-F6BDA43806CA}"
EndProject
Project("{FAE04EC0-301F-11D3-BF4B-00C04F79EFBC}") = "SuiBao_v1.WebApi", "SuiBao_v1.WebApi\SuiBao_v1.WebApi.csproj", "{4B57300C-692B-418F-9885-F6826C9A0751}"
EndProject
Project("{FAE04EC0-301F-11D3-BF4B-00C04F79EFBC}") = "SuiBao_v1.Ioc", "SuiBao_v1.Ioc\SuiBao_v1.Ioc.csproj", "{CF0E349C-C0AF-4691-AF53-0183521EDF5C}"
EndProject
Project("{FAE04EC0-301F-11D3-BF4B-00C04F79EFBC}") = "SuiBao_v1.Cache", "SuiBao_v1.Cache\SuiBao_v1.Cache.csproj", "{B1E71B63-2300-4E23-8FEA-25044CF843FA}"
EndProject
Project("{FAE04EC0-301F-11D3-BF4B-00C04F79EFBC}") = "SuiBao_v1.Utility", "SuiBao_v1.Utility\SuiBao_v1.Utility.csproj", "{70BB36AC-04B6-465D-8DF3-499060B0EE32}"
EndProject
Project("{FAE04EC0-301F-11D3-BF4B-00C04F79EFBC}") = "SuiBao_v1.Repository", "SuiBao_v1.Repository\SuiBao_v1.Repository.csproj", "{799CEF53-7D03-4BA9-AEFF-7D670B8BD920}"
EndProject
Project("{FAE04EC0-301F-11D3-BF4B-00C04F79EFBC}") = "SuiBao_v1.IRepository", "SuiBao_v1.IRepository\SuiBao_v1.IRepository.csproj", "{96017F18-3E05-41F7-9374-B023BA2C3A77}"
EndProject
Project("{FAE04EC0-301F-11D3-BF4B-00C04F79EFBC}") = "SuiBao_v1.Model", "SuiBao_v1.Model\SuiBao_v1.Model.csproj", "{0C80C3E7-B5EE-49E8-ABAE-60BB777C1F52}"
EndProject
Project("{FAE04EC0-301F-11D3-BF4B-00C04F79EFBC}") = "SuiBao_v1.Business", "SuiBao_v1.Business\SuiBao_v1.Business.csproj", "{40AFEE08-3BEF-4036-9C48-C2954CEE074F}"
EndProject
Project("{FAE04EC0-301F-11D3-BF4B-00C04F79EFBC}") = "SuiBao_v1.IBusiness", "SuiBao_v1.IBusiness\SuiBao_v1.IBusiness.csproj", "{174194A0-2B4A-4913-9C5B-0DEB128CA224}"
EndProject
Project("{2150E333-8FDC-42A3-9474-1A3956D46DE8}") = "5.Test", "5.Test", "{B992D3E7-9DB5-4D41-BF6C-EE68914D49D8}"
EndProject
Project("{FAE04EC0-301F-11D3-BF4B-00C04F79EFBC}") = "SuiBao_v1.Test", "SuiBao_v1.Test\SuiBao_v1.Test.csproj", "{F839FAD3-641D-4804-A264-32D51181BADE}"
EndProject
Global
	GlobalSection(SolutionConfigurationPlatforms) = preSolution
		Debug|Any CPU = Debug|Any CPU
		Release|Any CPU = Release|Any CPU
	EndGlobalSection
	GlobalSection(ProjectConfigurationPlatforms) = postSolution
		{4B57300C-692B-418F-9885-F6826C9A0751}.Debug|Any CPU.ActiveCfg = Debug|Any CPU
		{4B57300C-692B-418F-9885-F6826C9A0751}.Debug|Any CPU.Build.0 = Debug|Any CPU
		{4B57300C-692B-418F-9885-F6826C9A0751}.Release|Any CPU.ActiveCfg = Release|Any CPU
		{4B57300C-692B-418F-9885-F6826C9A0751}.Release|Any CPU.Build.0 = Release|Any CPU
		{CF0E349C-C0AF-4691-AF53-0183521EDF5C}.Debug|Any CPU.ActiveCfg = Debug|Any CPU
		{CF0E349C-C0AF-4691-AF53-0183521EDF5C}.Debug|Any CPU.Build.0 = Debug|Any CPU
		{CF0E349C-C0AF-4691-AF53-0183521EDF5C}.Release|Any CPU.ActiveCfg = Release|Any CPU
		{CF0E349C-C0AF-4691-AF53-0183521EDF5C}.Release|Any CPU.Build.0 = Release|Any CPU
		{B1E71B63-2300-4E23-8FEA-25044CF843FA}.Debug|Any CPU.ActiveCfg = Debug|Any CPU
		{B1E71B63-2300-4E23-8FEA-25044CF843FA}.Debug|Any CPU.Build.0 = Debug|Any CPU
		{B1E71B63-2300-4E23-8FEA-25044CF843FA}.Release|Any CPU.ActiveCfg = Release|Any CPU
		{B1E71B63-2300-4E23-8FEA-25044CF843FA}.Release|Any CPU.Build.0 = Release|Any CPU
		{70BB36AC-04B6-465D-8DF3-499060B0EE32}.Debug|Any CPU.ActiveCfg = Debug|Any CPU
		{70BB36AC-04B6-465D-8DF3-499060B0EE32}.Debug|Any CPU.Build.0 = Debug|Any CPU
		{70BB36AC-04B6-465D-8DF3-499060B0EE32}.Release|Any CPU.ActiveCfg = Release|Any CPU
		{70BB36AC-04B6-465D-8DF3-499060B0EE32}.Release|Any CPU.Build.0 = Release|Any CPU
		{799CEF53-7D03-4BA9-AEFF-7D670B8BD920}.Debug|Any CPU.ActiveCfg = Debug|Any CPU
		{799CEF53-7D03-4BA9-AEFF-7D670B8BD920}.Debug|Any CPU.Build.0 = Debug|Any CPU
		{799CEF53-7D03-4BA9-AEFF-7D670B8BD920}.Release|Any CPU.ActiveCfg = Release|Any CPU
		{799CEF53-7D03-4BA9-AEFF-7D670B8BD920}.Release|Any CPU.Build.0 = Release|Any CPU
		{96017F18-3E05-41F7-9374-B023BA2C3A77}.Debug|Any CPU.ActiveCfg = Debug|Any CPU
		{96017F18-3E05-41F7-9374-B023BA2C3A77}.Debug|Any CPU.Build.0 = Debug|Any CPU
		{96017F18-3E05-41F7-9374-B023BA2C3A77}.Release|Any CPU.ActiveCfg = Release|Any CPU
		{96017F18-3E05-41F7-9374-B023BA2C3A77}.Release|Any CPU.Build.0 = Release|Any CPU
		{0C80C3E7-B5EE-49E8-ABAE-60BB777C1F52}.Debug|Any CPU.ActiveCfg = Debug|Any CPU
		{0C80C3E7-B5EE-49E8-ABAE-60BB777C1F52}.Debug|Any CPU.Build.0 = Debug|Any CPU
		{0C80C3E7-B5EE-49E8-ABAE-60BB777C1F52}.Release|Any CPU.ActiveCfg = Release|Any CPU
		{0C80C3E7-B5EE-49E8-ABAE-60BB777C1F52}.Release|Any CPU.Build.0 = Release|Any CPU
		{40AFEE08-3BEF-4036-9C48-C2954CEE074F}.Debug|Any CPU.ActiveCfg = Debug|Any CPU
		{40AFEE08-3BEF-4036-9C48-C2954CEE074F}.Debug|Any CPU.Build.0 = Debug|Any CPU
		{40AFEE08-3BEF-4036-9C48-C2954CEE074F}.Release|Any CPU.ActiveCfg = Release|Any CPU
		{40AFEE08-3BEF-4036-9C48-C2954CEE074F}.Release|Any CPU.Build.0 = Release|Any CPU
		{174194A0-2B4A-4913-9C5B-0DEB128CA224}.Debug|Any CPU.ActiveCfg = Debug|Any CPU
		{174194A0-2B4A-4913-9C5B-0DEB128CA224}.Debug|Any CPU.Build.0 = Debug|Any CPU
		{174194A0-2B4A-4913-9C5B-0DEB128CA224}.Release|Any CPU.ActiveCfg = Release|Any CPU
		{174194A0-2B4A-4913-9C5B-0DEB128CA224}.Release|Any CPU.Build.0 = Release|Any CPU
		{F839FAD3-641D-4804-A264-32D51181BADE}.Debug|Any CPU.ActiveCfg = Debug|Any CPU
		{F839FAD3-641D-4804-A264-32D51181BADE}.Debug|Any CPU.Build.0 = Debug|Any CPU
		{F839FAD3-641D-4804-A264-32D51181BADE}.Release|Any CPU.ActiveCfg = Release|Any CPU
		{F839FAD3-641D-4804-A264-32D51181BADE}.Release|Any CPU.Build.0 = Release|Any CPU
	EndGlobalSection
	GlobalSection(SolutionProperties) = preSolution
		HideSolutionNode = FALSE
	EndGlobalSection
	GlobalSection(NestedProjects) = preSolution
		{4B57300C-692B-418F-9885-F6826C9A0751} = {8557F03C-646A-4BDA-B2B1-F6BDA43806CA}
		{CF0E349C-C0AF-4691-AF53-0183521EDF5C} = {9CC30BEB-6030-4CDD-9D23-532C86CA558F}
		{B1E71B63-2300-4E23-8FEA-25044CF843FA} = {9CC30BEB-6030-4CDD-9D23-532C86CA558F}
		{70BB36AC-04B6-465D-8DF3-499060B0EE32} = {9CC30BEB-6030-4CDD-9D23-532C86CA558F}
		{799CEF53-7D03-4BA9-AEFF-7D670B8BD920} = {BBB9055C-E165-4F0F-A177-F80C74976678}
		{96017F18-3E05-41F7-9374-B023BA2C3A77} = {BBB9055C-E165-4F0F-A177-F80C74976678}
		{0C80C3E7-B5EE-49E8-ABAE-60BB777C1F52} = {BBB9055C-E165-4F0F-A177-F80C74976678}
		{40AFEE08-3BEF-4036-9C48-C2954CEE074F} = {8D0529E6-2271-451F-BAA5-1D0D3C7D3631}
		{174194A0-2B4A-4913-9C5B-0DEB128CA224} = {8D0529E6-2271-451F-BAA5-1D0D3C7D3631}
		{F839FAD3-641D-4804-A264-32D51181BADE} = {B992D3E7-9DB5-4D41-BF6C-EE68914D49D8}
	EndGlobalSection
EndGlobal
